
Microsoft Visual Studio Solution File, Format Version 12.00
# Visual Studio Version 16
VisualStudioVersion = 16.0.30907.101
MinimumVisualStudioVersion = 10.0.40219.1
Project("{9A19103F-16F7-4668-BE54-9A1E7A4F7556}") = "YGIntro", "YGIntro\YGIntro.csproj", "{AFA3FB70-248E-4992-80A0-E6D866DD9812}"
EndProject
Project("{9A19103F-16F7-4668-BE54-9A1E7A4F7556}") = "Donguler", "Donguler\Donguler.csproj", "{F5097D3C-591E-49CB-9056-F71F2156BB10}"
EndProject
Project("{9A19103F-16F7-4668-BE54-9A1E7A4F7556}") = "ClassIntro", "ClassIntro\ClassIntro.csproj", "{458DF858-1FA8-4603-8517-D58A87F09BD1}"
EndProject
Project("{9A19103F-16F7-4668-BE54-9A1E7A4F7556}") = "Metodlar", "Metodlar\Metodlar.csproj", "{0CE38471-15D7-4BFD-B8A3-42C7616FFEF2}"
EndProject
Project("{9A19103F-16F7-4668-BE54-9A1E7A4F7556}") = "Matematik", "Matematik\Matematik.csproj", "{82168DC5-C295-460D-AECF-9F1C3368540D}"
EndProject
Project("{9A19103F-16F7-4668-BE54-9A1E7A4F7556}") = "DegerVeReferansTipler", "DegerVeReferansTipler\DegerVeReferansTipler.csproj", "{0A335721-5FBF-4944-BF84-006725B8489A}"
EndProject
Project("{9A19103F-16F7-4668-BE54-9A1E7A4F7556}") = "OOP1", "OOP1\OOP1.csproj", "{39B3F096-25FF-4469-9778-68E74E9F648D}"
EndProject
Project("{9A19103F-16F7-4668-BE54-9A1E7A4F7556}") = "Colllections", "Colllections\Colllections.csproj", "{24EEF8CB-7DF8-47D9-8403-6CE37C5CD957}"
EndProject
Project("{9A19103F-16F7-4668-BE54-9A1E7A4F7556}") = "GenericsIntro", "GenericsIntro\GenericsIntro.csproj", "{F0986E9C-5466-47C7-8F6A-B4597C46E137}"
EndProject
Project("{FAE04EC0-301F-11D3-BF4B-00C04F79EFBC}") = "OOP2", "OOP2\OOP2.csproj", "{389B284A-60C0-49DD-9585-760527AC67E2}"
EndProject
Project("{FAE04EC0-301F-11D3-BF4B-00C04F79EFBC}") = "OOP3", "OOP3\OOP3.csproj", "{DDC8434B-EB97-4F44-8914-51AB02A0A819}"
EndProject
Global
	GlobalSection(SolutionConfigurationPlatforms) = preSolution
		Debug|Any CPU = Debug|Any CPU
		Release|Any CPU = Release|Any CPU
	EndGlobalSection
	GlobalSection(ProjectConfigurationPlatforms) = postSolution
		{AFA3FB70-248E-4992-80A0-E6D866DD9812}.Debug|Any CPU.ActiveCfg = Debug|Any CPU
		{AFA3FB70-248E-4992-80A0-E6D866DD9812}.Debug|Any CPU.Build.0 = Debug|Any CPU
		{AFA3FB70-248E-4992-80A0-E6D866DD9812}.Release|Any CPU.ActiveCfg = Release|Any CPU
		{AFA3FB70-248E-4992-80A0-E6D866DD9812}.Release|Any CPU.Build.0 = Release|Any CPU
		{F5097D3C-591E-49CB-9056-F71F2156BB10}.Debug|Any CPU.ActiveCfg = Debug|Any CPU
		{F5097D3C-591E-49CB-9056-F71F2156BB10}.Debug|Any CPU.Build.0 = Debug|Any CPU
		{F5097D3C-591E-49CB-9056-F71F2156BB10}.Release|Any CPU.ActiveCfg = Release|Any CPU
		{F5097D3C-591E-49CB-9056-F71F2156BB10}.Release|Any CPU.Build.0 = Release|Any CPU
		{458DF858-1FA8-4603-8517-D58A87F09BD1}.Debug|Any CPU.ActiveCfg = Debug|Any CPU
		{458DF858-1FA8-4603-8517-D58A87F09BD1}.Debug|Any CPU.Build.0 = Debug|Any CPU
		{458DF858-1FA8-4603-8517-D58A87F09BD1}.Release|Any CPU.ActiveCfg = Release|Any CPU
		{458DF858-1FA8-4603-8517-D58A87F09BD1}.Release|Any CPU.Build.0 = Release|Any CPU
		{0CE38471-15D7-4BFD-B8A3-42C7616FFEF2}.Debug|Any CPU.ActiveCfg = Debug|Any CPU
		{0CE38471-15D7-4BFD-B8A3-42C7616FFEF2}.Debug|Any CPU.Build.0 = Debug|Any CPU
		{0CE38471-15D7-4BFD-B8A3-42C7616FFEF2}.Release|Any CPU.ActiveCfg = Release|Any CPU
		{0CE38471-15D7-4BFD-B8A3-42C7616FFEF2}.Release|Any CPU.Build.0 = Release|Any CPU
		{82168DC5-C295-460D-AECF-9F1C3368540D}.Debug|Any CPU.ActiveCfg = Debug|Any CPU
		{82168DC5-C295-460D-AECF-9F1C3368540D}.Debug|Any CPU.Build.0 = Debug|Any CPU
		{82168DC5-C295-460D-AECF-9F1C3368540D}.Release|Any CPU.ActiveCfg = Release|Any CPU
		{82168DC5-C295-460D-AECF-9F1C3368540D}.Release|Any CPU.Build.0 = Release|Any CPU
		{0A335721-5FBF-4944-BF84-006725B8489A}.Debug|Any CPU.ActiveCfg = Debug|Any CPU
		{0A335721-5FBF-4944-BF84-006725B8489A}.Debug|Any CPU.Build.0 = Debug|Any CPU
		{0A335721-5FBF-4944-BF84-006725B8489A}.Release|Any CPU.ActiveCfg = Release|Any CPU
		{0A335721-5FBF-4944-BF84-006725B8489A}.Release|Any CPU.Build.0 = Release|Any CPU
		{39B3F096-25FF-4469-9778-68E74E9F648D}.Debug|Any CPU.ActiveCfg = Debug|Any CPU
		{39B3F096-25FF-4469-9778-68E74E9F648D}.Debug|Any CPU.Build.0 = Debug|Any CPU
		{39B3F096-25FF-4469-9778-68E74E9F648D}.Release|Any CPU.ActiveCfg = Release|Any CPU
		{39B3F096-25FF-4469-9778-68E74E9F648D}.Release|Any CPU.Build.0 = Release|Any CPU
		{24EEF8CB-7DF8-47D9-8403-6CE37C5CD957}.Debug|Any CPU.ActiveCfg = Debug|Any CPU
		{24EEF8CB-7DF8-47D9-8403-6CE37C5CD957}.Debug|Any CPU.Build.0 = Debug|Any CPU
		{24EEF8CB-7DF8-47D9-8403-6CE37C5CD957}.Release|Any CPU.ActiveCfg = Release|Any CPU
		{24EEF8CB-7DF8-47D9-8403-6CE37C5CD957}.Release|Any CPU.Build.0 = Release|Any CPU
		{F0986E9C-5466-47C7-8F6A-B4597C46E137}.Debug|Any CPU.ActiveCfg = Debug|Any CPU
		{F0986E9C-5466-47C7-8F6A-B4597C46E137}.Debug|Any CPU.Build.0 = Debug|Any CPU
		{F0986E9C-5466-47C7-8F6A-B4597C46E137}.Release|Any CPU.ActiveCfg = Release|Any CPU
		{F0986E9C-5466-47C7-8F6A-B4597C46E137}.Release|Any CPU.Build.0 = Release|Any CPU
		{389B284A-60C0-49DD-9585-760527AC67E2}.Debug|Any CPU.ActiveCfg = Debug|Any CPU
		{389B284A-60C0-49DD-9585-760527AC67E2}.Debug|Any CPU.Build.0 = Debug|Any CPU
		{389B284A-60C0-49DD-9585-760527AC67E2}.Release|Any CPU.ActiveCfg = Release|Any CPU
		{389B284A-60C0-49DD-9585-760527AC67E2}.Release|Any CPU.Build.0 = Release|Any CPU
		{DDC8434B-EB97-4F44-8914-51AB02A0A819}.Debug|Any CPU.ActiveCfg = Debug|Any CPU
		{DDC8434B-EB97-4F44-8914-51AB02A0A819}.Debug|Any CPU.Build.0 = Debug|Any CPU
		{DDC8434B-EB97-4F44-8914-51AB02A0A819}.Release|Any CPU.ActiveCfg = Release|Any CPU
		{DDC8434B-EB97-4F44-8914-51AB02A0A819}.Release|Any CPU.Build.0 = Release|Any CPU
	EndGlobalSection
	GlobalSection(SolutionProperties) = preSolution
		HideSolutionNode = FALSE
	EndGlobalSection
	GlobalSection(ExtensibilityGlobals) = postSolution
		SolutionGuid = {8340DF6B-15A5-4712-BE45-031415BFCAAA}
	EndGlobalSection
EndGlobal
